
Microsoft Visual Studio Solution File, Format Version 12.00
# Visual Studio Version 17
VisualStudioVersion = 17.8.34511.84
MinimumVisualStudioVersion = 10.0.40219.1
Project("{FAE04EC0-301F-11D3-BF4B-00C04F79EFBC}") = "Musikplaneraren", "Musikplaneraren.csproj", "{68403FF6-9D32-43E7-B046-D9B769F52A36}"
EndProject
Global
	GlobalSection(SolutionConfigurationPlatforms) = preSolution
		Debug|Any CPU = Debug|Any CPU
		Release|Any CPU = Release|Any CPU
	EndGlobalSection
	GlobalSection(ProjectConfigurationPlatforms) = postSolution
		{68403FF6-9D32-43E7-B046-D9B769F52A36}.Debug|Any CPU.ActiveCfg = Debug|Any CPU
		{68403FF6-9D32-43E7-B046-D9B769F52A36}.Debug|Any CPU.Build.0 = Debug|Any CPU
		{68403FF6-9D32-43E7-B046-D9B769F52A36}.Release|Any CPU.ActiveCfg = Release|Any CPU
		{68403FF6-9D32-43E7-B046-D9B769F52A36}.Release|Any CPU.Build.0 = Release|Any CPU
	EndGlobalSection
	GlobalSection(SolutionProperties) = preSolution
		HideSolutionNode = FALSE
	EndGlobalSection
	GlobalSection(ExtensibilityGlobals) = postSolution
		SolutionGuid = {7D6FD194-7119-4BD5-82BE-91825A52A140}
	EndGlobalSection
EndGlobal
