
Microsoft Visual Studio Solution File, Format Version 12.00
# Visual Studio Version 17
VisualStudioVersion = 17.8.34330.188
MinimumVisualStudioVersion = 10.0.40219.1
Project("{FAE04EC0-301F-11D3-BF4B-00C04F79EFBC}") = "Bibliotek-App", "Bibliotek-App.csproj", "{32A099D3-4135-49E0-B169-165BD8438579}"
EndProject
Global
	GlobalSection(SolutionConfigurationPlatforms) = preSolution
		Debug|Any CPU = Debug|Any CPU
		Release|Any CPU = Release|Any CPU
	EndGlobalSection
	GlobalSection(ProjectConfigurationPlatforms) = postSolution
		{32A099D3-4135-49E0-B169-165BD8438579}.Debug|Any CPU.ActiveCfg = Debug|Any CPU
		{32A099D3-4135-49E0-B169-165BD8438579}.Debug|Any CPU.Build.0 = Debug|Any CPU
		{32A099D3-4135-49E0-B169-165BD8438579}.Release|Any CPU.ActiveCfg = Release|Any CPU
		{32A099D3-4135-49E0-B169-165BD8438579}.Release|Any CPU.Build.0 = Release|Any CPU
	EndGlobalSection
	GlobalSection(SolutionProperties) = preSolution
		HideSolutionNode = FALSE
	EndGlobalSection
	GlobalSection(ExtensibilityGlobals) = postSolution
		SolutionGuid = {0018C624-AB3D-483C-9879-DD1192E028AB}
	EndGlobalSection
EndGlobal
